{
  "nodes": {
    "nixpkgs": {
      "locked": {
        "lastModified": 1774078191,
        "narHash": "sha256-nyxxxW1/2ouu9dU0I02ul5pHrmUrE1JVFhfFlmYe3Lw=",
        "owner": "NixOS",
        "repo": "nixpkgs",
        "rev": "09061f748ee21f68a089cd5d91ec1859cd93d0be",
        "type": "github"
      },
      "original": {
        "owner": "NixOS",
        "repo": "nixpkgs",
        "rev": "09061f748ee21f68a089cd5d91ec1859cd93d0be",
        "type": "github"
      }
    },
    "nixpkgs_2": {
      "locked": {
        "lastModified": 1744536153,
        "narHash": "sha256-awS2zRgF4uTwrOKwwiJcByDzDOdo3Q1rPZbiHQg/N38=",
        "owner": "NixOS",
        "repo": "nixpkgs",
        "rev": "18dd725c29603f582cf1900e0d25f9f1063dbf11",
        "type": "github"
      },
      "original": {
        "owner": "NixOS",
        "ref": "nixpkgs-unstable",
        "repo": "nixpkgs",
        "type": "github"
      }
    },
    "root": {
      "inputs": {
        "nixpkgs": "nixpkgs",
        "rust-overlay": "rust-overlay"
      }
    },
    "rust-overlay": {
      "inputs": {
        "nixpkgs": "nixpkgs_2"
      },
      "locked": {
        "lastModified": 1777864665,
        "narHash": "sha256-oE4lnjiBa3uE+dP9jM0jFzofP1xYIlK6IQBjLfWjH04=",
        "owner": "oxalica",
        "repo": "rust-overlay",
        "rev": "669151bbc7f2416b622af2f48e9136e2c9da5530",
        "type": "github"
      },
      "original": {
        "owner": "oxalica",
        "repo": "rust-overlay",
        "type": "github"
      }
    }
  },
  "root": "root",
  "version": 7
}
